// !$*UTF8*$!
{
	archiveVersion = 1;
	classes = {
	};
	objectVersion = 50;
	objects = {

/* Begin PBXBuildFile section */
		0AEB2A6022F4CCDF58E1F1E4 /* Pods_MyNewTodey.framework in Frameworks */ = {isa = PBXBuildFile; fileRef = 5B39B94981E2AD3AFF383FC2 /* Pods_MyNewTodey.framework */; };
		84303C402286BDD2008280ED /* Item.swift in Sources */ = {isa = PBXBuildFile; fileRef = 84303C3F2286BDD2008280ED /* Item.swift */; };
		84303C422286BDF6008280ED /* Category.swift in Sources */ = {isa = PBXBuildFile; fileRef = 84303C412286BDF6008280ED /* Category.swift */; };
		8496A50C227D43F3007738EF /* CaategoryViewController.swift in Sources */ = {isa = PBXBuildFile; fileRef = 8496A50B227D43F3007738EF /* CaategoryViewController.swift */; };
		84D354CB2278A131006F5F0C /* AppDelegate.swift in Sources */ = {isa = PBXBuildFile; fileRef = 84D354CA2278A131006F5F0C /* AppDelegate.swift */; };
		84D354CD2278A131006F5F0C /* TodoListViewController.swift in Sources */ = {isa = PBXBuildFile; fileRef = 84D354CC2278A131006F5F0C /* TodoListViewController.swift */; };
		84D354D02278A131006F5F0C /* Main.storyboard in Resources */ = {isa = PBXBuildFile; fileRef = 84D354CE2278A131006F5F0C /* Main.storyboard */; };
		84D354D22278A132006F5F0C /* Assets.xcassets in Resources */ = {isa = PBXBuildFile; fileRef = 84D354D12278A132006F5F0C /* Assets.xcassets */; };
		84D354D52278A132006F5F0C /* LaunchScreen.storyboard in Resources */ = {isa = PBXBuildFile; fileRef = 84D354D32278A132006F5F0C /* LaunchScreen.storyboard */; };
/* End PBXBuildFile section */

/* Begin PBXFileReference section */
		24383AAD47BE36BCC328F6BC /* Pods-MyNewTodey.debug.xcconfig */ = {isa = PBXFileReference; includeInIndex = 1; lastKnownFileType = text.xcconfig; name = "Pods-MyNewTodey.debug.xcconfig"; path = "Target Support Files/Pods-MyNewTodey/Pods-MyNewTodey.debug.xcconfig"; sourceTree = "<group>"; };
		5B39B94981E2AD3AFF383FC2 /* Pods_MyNewTodey.framework */ = {isa = PBXFileReference; explicitFileType = wrapper.framework; includeInIndex = 0; path = Pods_MyNewTodey.framework; sourceTree = BUILT_PRODUCTS_DIR; };
		84303C3F2286BDD2008280ED /* Item.swift */ = {isa = PBXFileReference; lastKnownFileType = sourcecode.swift; path = Item.swift; sourceTree = "<group>"; };
		84303C412286BDF6008280ED /* Category.swift */ = {isa = PBXFileReference; lastKnownFileType = sourcecode.swift; path = Category.swift; sourceTree = "<group>"; };
		8496A50B227D43F3007738EF /* CaategoryViewController.swift */ = {isa = PBXFileReference; lastKnownFileType = sourcecode.swift; path = CaategoryViewController.swift; sourceTree = "<group>"; };
		84D354C72278A131006F5F0C /* MyNewTodey.app */ = {isa = PBXFileReference; explicitFileType = wrapper.application; includeInIndex = 0; path = MyNewTodey.app; sourceTree = BUILT_PRODUCTS_DIR; };
		84D354CA2278A131006F5F0C /* AppDelegate.swift */ = {isa = PBXFileReference; lastKnownFileType = sourcecode.swift; path = AppDelegate.swift; sourceTree = "<group>"; };
		84D354CC2278A131006F5F0C /* TodoListViewController.swift */ = {isa = PBXFileReference; lastKnownFileType = sourcecode.swift; path = TodoListViewController.swift; sourceTree = "<group>"; };
		84D354CF2278A131006F5F0C /* Base */ = {isa = PBXFileReference; lastKnownFileType = file.storyboard; name = Base; path = Base.lproj/Main.storyboard; sourceTree = "<group>"; };
		84D354D12278A132006F5F0C /* Assets.xcassets */ = {isa = PBXFileReference; lastKnownFileType = folder.assetcatalog; path = Assets.xcassets; sourceTree = "<group>"; };
		84D354D42278A132006F5F0C /* Base */ = {isa = PBXFileReference; lastKnownFileType = file.storyboard; name = Base; path = Base.lproj/LaunchScreen.storyboard; sourceTree = "<group>"; };
		84D354D62278A132006F5F0C /* Info.plist */ = {isa = PBXFileReference; lastKnownFileType = text.plist.xml; path = Info.plist; sourceTree = "<group>"; };
		DC0EC260B65EECF2C249C4CE /* Pods-MyNewTodey.release.xcconfig */ = {isa = PBXFileReference; includeInIndex = 1; lastKnownFileType = text.xcconfig; name = "Pods-MyNewTodey.release.xcconfig"; path = "Target Support Files/Pods-MyNewTodey/Pods-MyNewTodey.release.xcconfig"; sourceTree = "<group>"; };
/* End PBXFileReference section */

/* Begin PBXFrameworksBuildPhase section */
		84D354C42278A131006F5F0C /* Frameworks */ = {
			isa = PBXFrameworksBuildPhase;
			buildActionMask = 2147483647;
			files = (
				0AEB2A6022F4CCDF58E1F1E4 /* Pods_MyNewTodey.framework in Frameworks */,
			);
			runOnlyForDeploymentPostprocessing = 0;
		};
/* End PBXFrameworksBuildPhase section */

/* Begin PBXGroup section */
		84D354BE2278A131006F5F0C = {
			isa = PBXGroup;
			children = (
				84D354C92278A131006F5F0C /* MyNewTodey */,
				84D354C82278A131006F5F0C /* Products */,
				ED81DD7F2FD17D5F8DCFB7FA /* Pods */,
				9E14AFCB15910FA552292C1E /* Frameworks */,
			);
			sourceTree = "<group>";
		};
		84D354C82278A131006F5F0C /* Products */ = {
			isa = PBXGroup;
			children = (
				84D354C72278A131006F5F0C /* MyNewTodey.app */,
			);
			name = Products;
			sourceTree = "<group>";
		};
		84D354C92278A131006F5F0C /* MyNewTodey */ = {
			isa = PBXGroup;
			children = (
				84D354CA2278A131006F5F0C /* AppDelegate.swift */,
				84D354DF227941B1006F5F0C /* Controllers */,
				84D354DE22794171006F5F0C /* Data Model */,
				84D354E0227941E0006F5F0C /* Views */,
				84D354E1227941F5006F5F0C /* Supporting Files */,
				84D354D62278A132006F5F0C /* Info.plist */,
			);
			path = MyNewTodey;
			sourceTree = "<group>";
		};
		84D354DE22794171006F5F0C /* Data Model */ = {
			isa = PBXGroup;
			children = (
				84303C3F2286BDD2008280ED /* Item.swift */,
				84303C412286BDF6008280ED /* Category.swift */,
			);
			path = "Data Model";
			sourceTree = "<group>";
		};
		84D354DF227941B1006F5F0C /* Controllers */ = {
			isa = PBXGroup;
			children = (
				8496A50B227D43F3007738EF /* CaategoryViewController.swift */,
				84D354CC2278A131006F5F0C /* TodoListViewController.swift */,
			);
			path = Controllers;
			sourceTree = "<group>";
		};
		84D354E0227941E0006F5F0C /* Views */ = {
			isa = PBXGroup;
			children = (
				84D354CE2278A131006F5F0C /* Main.storyboard */,
			);
			path = Views;
			sourceTree = "<group>";
		};
		84D354E1227941F5006F5F0C /* Supporting Files */ = {
			isa = PBXGroup;
			children = (
				84D354D12278A132006F5F0C /* Assets.xcassets */,
				84D354D32278A132006F5F0C /* LaunchScreen.storyboard */,
			);
			path = "Supporting Files";
			sourceTree = "<group>";
		};
		9E14AFCB15910FA552292C1E /* Frameworks */ = {
			isa = PBXGroup;
			children = (
				5B39B94981E2AD3AFF383FC2 /* Pods_MyNewTodey.framework */,
			);
			name = Frameworks;
			sourceTree = "<group>";
		};
		ED81DD7F2FD17D5F8DCFB7FA /* Pods */ = {
			isa = PBXGroup;
			children = (
				24383AAD47BE36BCC328F6BC /* Pods-MyNewTodey.debug.xcconfig */,
				DC0EC260B65EECF2C249C4CE /* Pods-MyNewTodey.release.xcconfig */,
			);
			path = Pods;
			sourceTree = "<group>";
		};
/* End PBXGroup section */

/* Begin PBXNativeTarget section */
		84D354C62278A131006F5F0C /* MyNewTodey */ = {
			isa = PBXNativeTarget;
			buildConfigurationList = 84D354D92278A132006F5F0C /* Build configuration list for PBXNativeTarget "MyNewTodey" */;
			buildPhases = (
				1E0EE0CC87134D7A19943079 /* [CP] Check Pods Manifest.lock */,
				84D354C32278A131006F5F0C /* Sources */,
				84D354C42278A131006F5F0C /* Frameworks */,
				84D354C52278A131006F5F0C /* Resources */,
				E51C1D79CBC6A9E8058D1181 /* [CP] Embed Pods Frameworks */,
			);
			buildRules = (
			);
			dependencies = (
			);
			name = MyNewTodey;
			productName = MyNewTodey;
			productReference = 84D354C72278A131006F5F0C /* MyNewTodey.app */;
			productType = "com.apple.product-type.application";
		};
/* End PBXNativeTarget section */

/* Begin PBXProject section */
		84D354BF2278A131006F5F0C /* Project object */ = {
			isa = PBXProject;
			attributes = {
				LastSwiftUpdateCheck = 1020;
				LastUpgradeCheck = 1020;
				ORGANIZATIONNAME = "Randolph Davis Hill";
				TargetAttributes = {
					84D354C62278A131006F5F0C = {
						CreatedOnToolsVersion = 10.2.1;
					};
				};
			};
			buildConfigurationList = 84D354C22278A131006F5F0C /* Build configuration list for PBXProject "MyNewTodey" */;
			compatibilityVersion = "Xcode 9.3";
			developmentRegion = en;
			hasScannedForEncodings = 0;
			knownRegions = (
				en,
				Base,
			);
			mainGroup = 84D354BE2278A131006F5F0C;
			productRefGroup = 84D354C82278A131006F5F0C /* Products */;
			projectDirPath = "";
			projectRoot = "";
			targets = (
				84D354C62278A131006F5F0C /* MyNewTodey */,
			);
		};
/* End PBXProject section */

/* Begin PBXResourcesBuildPhase section */
		84D354C52278A131006F5F0C /* Resources */ = {
			isa = PBXResourcesBuildPhase;
			buildActionMask = 2147483647;
			files = (
				84D354D52278A132006F5F0C /* LaunchScreen.storyboard in Resources */,
				84D354D22278A132006F5F0C /* Assets.xcassets in Resources */,
				84D354D02278A131006F5F0C /* Main.storyboard in Resources */,
			);
			runOnlyForDeploymentPostprocessing = 0;
		};
/* End PBXResourcesBuildPhase section */

/* Begin PBXShellScriptBuildPhase section */
		1E0EE0CC87134D7A19943079 /* [CP] Check Pods Manifest.lock */ = {
			isa = PBXShellScriptBuildPhase;
			buildActionMask = 2147483647;
			files = (
			);
			inputFileListPaths = (
			);
			inputPaths = (
				"${PODS_PODFILE_DIR_PATH}/Podfile.lock",
				"${PODS_ROOT}/Manifest.lock",
			);
			name = "[CP] Check Pods Manifest.lock";
			outputFileListPaths = (
			);
			outputPaths = (
				"$(DERIVED_FILE_DIR)/Pods-MyNewTodey-checkManifestLockResult.txt",
			);
			runOnlyForDeploymentPostprocessing = 0;
			shellPath = /bin/sh;
			shellScript = "diff \"${PODS_PODFILE_DIR_PATH}/Podfile.lock\" \"${PODS_ROOT}/Manifest.lock\" > /dev/null\nif [ $? != 0 ] ; then\n    # print error to STDERR\n    echo \"error: The sandbox is not in sync with the Podfile.lock. Run 'pod install' or update your CocoaPods installation.\" >&2\n    exit 1\nfi\n# This output is used by Xcode 'outputs' to avoid re-running this script phase.\necho \"SUCCESS\" > \"${SCRIPT_OUTPUT_FILE_0}\"\n";
			showEnvVarsInLog = 0;
		};
		E51C1D79CBC6A9E8058D1181 /* [CP] Embed Pods Frameworks */ = {
			isa = PBXShellScriptBuildPhase;
			buildActionMask = 2147483647;
			files = (
			);
			inputFileListPaths = (
			);
			inputPaths = (
				"${PODS_ROOT}/Target Support Files/Pods-MyNewTodey/Pods-MyNewTodey-frameworks.sh",
				"${BUILT_PRODUCTS_DIR}/Realm/Realm.framework",
				"${BUILT_PRODUCTS_DIR}/RealmSwift/RealmSwift.framework",
			);
			name = "[CP] Embed Pods Frameworks";
			outputFileListPaths = (
			);
			outputPaths = (
				"${TARGET_BUILD_DIR}/${FRAMEWORKS_FOLDER_PATH}/Realm.framework",
				"${TARGET_BUILD_DIR}/${FRAMEWORKS_FOLDER_PATH}/RealmSwift.framework",
			);
			runOnlyForDeploymentPostprocessing = 0;
			shellPath = /bin/sh;
			shellScript = "\"${PODS_ROOT}/Target Support Files/Pods-MyNewTodey/Pods-MyNewTodey-frameworks.sh\"\n";
			showEnvVarsInLog = 0;
		};
/* End PBXShellScriptBuildPhase section */

/* Begin PBXSourcesBuildPhase section */
		84D354C32278A131006F5F0C /* Sources */ = {
			isa = PBXSourcesBuildPhase;
			buildActionMask = 2147483647;
			files = (
				8496A50C227D43F3007738EF /* CaategoryViewController.swift in Sources */,
				84D354CD2278A131006F5F0C /* TodoListViewController.swift in Sources */,
				84303C402286BDD2008280ED /* Item.swift in Sources */,
				84D354CB2278A131006F5F0C /* AppDelegate.swift in Sources */,
				84303C422286BDF6008280ED /* Category.swift in Sources */,
			);
			runOnlyForDeploymentPostprocessing = 0;
		};
/* End PBXSourcesBuildPhase section */

/* Begin PBXVariantGroup section */
		84D354CE2278A131006F5F0C /* Main.storyboard */ = {
			isa = PBXVariantGroup;
			children = (
				84D354CF2278A131006F5F0C /* Base */,
			);
			name = Main.storyboard;
			sourceTree = "<group>";
		};
		84D354D32278A132006F5F0C /* LaunchScreen.storyboard */ = {
			isa = PBXVariantGroup;
			children = (
				84D354D42278A132006F5F0C /* Base */,
			);
			name = LaunchScreen.storyboard;
			sourceTree = "<group>";
		};
/* End PBXVariantGroup section */

/* Begin XCBuildConfiguration section */
		84D354D72278A132006F5F0C /* Debug */ = {
			isa = XCBuildConfiguration;
			buildSettings = {
				ALWAYS_SEARCH_USER_PATHS = NO;
				CLANG_ANALYZER_NONNULL = YES;
				CLANG_ANALYZER_NUMBER_OBJECT_CONVERSION = YES_AGGRESSIVE;
				CLANG_CXX_LANGUAGE_STANDARD = "gnu++14";
				CLANG_CXX_LIBRARY = "libc++";
				CLANG_ENABLE_MODULES = YES;
				CLANG_ENABLE_OBJC_ARC = YES;
				CLANG_ENABLE_OBJC_WEAK = YES;
				CLANG_WARN_BLOCK_CAPTURE_AUTORELEASING = YES;
				CLANG_WARN_BOOL_CONVERSION = YES;
				CLANG_WARN_COMMA = YES;
				CLANG_WARN_CONSTANT_CONVERSION = YES;
				CLANG_WARN_DEPRECATED_OBJC_IMPLEMENTATIONS = YES;
				CLANG_WARN_DIRECT_OBJC_ISA_USAGE = YES_ERROR;
				CLANG_WARN_DOCUMENTATION_COMMENTS = YES;
				CLANG_WARN_EMPTY_BODY = YES;
				CLANG_WARN_ENUM_CONVERSION = YES;
				CLANG_WARN_INFINITE_RECURSION = YES;
				CLANG_WARN_INT_CONVERSION = YES;
				CLANG_WARN_NON_LITERAL_NULL_CONVERSION = YES;
				CLANG_WARN_OBJC_IMPLICIT_RETAIN_SELF = YES;
				CLANG_WARN_OBJC_LITERAL_CONVERSION = YES;
				CLANG_WARN_OBJC_ROOT_CLASS = YES_ERROR;
				CLANG_WARN_RANGE_LOOP_ANALYSIS = YES;
				CLANG_WARN_STRICT_PROTOTYPES = YES;
				CLANG_WARN_SUSPICIOUS_MOVE = YES;
				CLANG_WARN_UNGUARDED_AVAILABILITY = YES_AGGRESSIVE;
				CLANG_WARN_UNREACHABLE_CODE = YES;
				CLANG_WARN__DUPLICATE_METHOD_MATCH = YES;
				CODE_SIGN_IDENTITY = "iPhone Developer";
				COPY_PHASE_STRIP = NO;
				DEBUG_INFORMATION_FORMAT = dwarf;
				ENABLE_STRICT_OBJC_MSGSEND = YES;
				ENABLE_TESTABILITY = YES;
				GCC_C_LANGUAGE_STANDARD = gnu11;
				GCC_DYNAMIC_NO_PIC = NO;
				GCC_NO_COMMON_BLOCKS = YES;
				GCC_OPTIMIZATION_LEVEL = 0;
				GCC_PREPROCESSOR_DEFINITIONS = (
					"DEBUG=1",
					"$(inherited)",
				);
				GCC_WARN_64_TO_32_BIT_CONVERSION = YES;
				GCC_WARN_ABOUT_RETURN_TYPE = YES_ERROR;
				GCC_WARN_UNDECLARED_SELECTOR = YES;
				GCC_WARN_UNINITIALIZED_AUTOS = YES_AGGRESSIVE;
				GCC_WARN_UNUSED_FUNCTION = YES;
				GCC_WARN_UNUSED_VARIABLE = YES;
				IPHONEOS_DEPLOYMENT_TARGET = 12.2;
				MTL_ENABLE_DEBUG_INFO = INCLUDE_SOURCE;
				MTL_FAST_MATH = YES;
				ONLY_ACTIVE_ARCH = YES;
				SDKROOT = iphoneos;
				SWIFT_ACTIVE_COMPILATION_CONDITIONS = DEBUG;
				SWIFT_OPTIMIZATION_LEVEL = "-Onone";
			};
			name = Debug;
		};
		84D354D82278A132006F5F0C /* Release */ = {
			isa = XCBuildConfiguration;
			buildSettings = {
				ALWAYS_SEARCH_USER_PATHS = NO;
				CLANG_ANALYZER_NONNULL = YES;
				CLANG_ANALYZER_NUMBER_OBJECT_CONVERSION = YES_AGGRESSIVE;
				CLANG_CXX_LANGUAGE_STANDARD = "gnu++14";
				CLANG_CXX_LIBRARY = "libc++";
				CLANG_ENABLE_MODULES = YES;
				CLANG_ENABLE_OBJC_ARC = YES;
				CLANG_ENABLE_OBJC_WEAK = YES;
				CLANG_WARN_BLOCK_CAPTURE_AUTORELEASING = YES;
				CLANG_WARN_BOOL_CONVERSION = YES;
				CLANG_WARN_COMMA = YES;
				CLANG_WARN_CONSTANT_CONVERSION = YES;
				CLANG_WARN_DEPRECATED_OBJC_IMPLEMENTATIONS = YES;
				CLANG_WARN_DIRECT_OBJC_ISA_USAGE = YES_ERROR;
				CLANG_WARN_DOCUMENTATION_COMMENTS = YES;
				CLANG_WARN_EMPTY_BODY = YES;
				CLANG_WARN_ENUM_CONVERSION = YES;
				CLANG_WARN_INFINITE_RECURSION = YES;
				CLANG_WARN_INT_CONVERSION = YES;
				CLANG_WARN_NON_LITERAL_NULL_CONVERSION = YES;
				CLANG_WARN_OBJC_IMPLICIT_RETAIN_SELF = YES;
				CLANG_WARN_OBJC_LITERAL_CONVERSION = YES;
				CLANG_WARN_OBJC_ROOT_CLASS = YES_ERROR;
				CLANG_WARN_RANGE_LOOP_ANALYSIS = YES;
				CLANG_WARN_STRICT_PROTOTYPES = YES;
				CLANG_WARN_SUSPICIOUS_MOVE = YES;
				CLANG_WARN_UNGUARDED_AVAILABILITY = YES_AGGRESSIVE;
				CLANG_WARN_UNREACHABLE_CODE = YES;
				CLANG_WARN__DUPLICATE_METHOD_MATCH = YES;
				CODE_SIGN_IDENTITY = "iPhone Developer";
				COPY_PHASE_STRIP = NO;
				DEBUG_INFORMATION_FORMAT = "dwarf-with-dsym";
				ENABLE_NS_ASSERTIONS = NO;
				ENABLE_STRICT_OBJC_MSGSEND = YES;
				GCC_C_LANGUAGE_STANDARD = gnu11;
				GCC_NO_COMMON_BLOCKS = YES;
				GCC_WARN_64_TO_32_BIT_CONVERSION = YES;
				GCC_WARN_ABOUT_RETURN_TYPE = YES_ERROR;
				GCC_WARN_UNDECLARED_SELECTOR = YES;
				GCC_WARN_UNINITIALIZED_AUTOS = YES_AGGRESSIVE;
				GCC_WARN_UNUSED_FUNCTION = YES;
				GCC_WARN_UNUSED_VARIABLE = YES;
				IPHONEOS_DEPLOYMENT_TARGET = 12.2;
				MTL_ENABLE_DEBUG_INFO = NO;
				MTL_FAST_MATH = YES;
				SDKROOT = iphoneos;
				SWIFT_COMPILATION_MODE = wholemodule;
				SWIFT_OPTIMIZATION_LEVEL = "-O";
				VALIDATE_PRODUCT = YES;
			};
			name = Release;
		};
		84D354DA2278A132006F5F0C /* Debug */ = {
			isa = XCBuildConfiguration;
			baseConfigurationReference = 24383AAD47BE36BCC328F6BC /* Pods-MyNewTodey.debug.xcconfig */;
			buildSettings = {
				ASSETCATALOG_COMPILER_APPICON_NAME = AppIcon;
				CODE_SIGN_STYLE = Automatic;
				DEVELOPMENT_TEAM = M89779T855;
				INFOPLIST_FILE = MyNewTodey/Info.plist;
				LD_RUNPATH_SEARCH_PATHS = (
					"$(inherited)",
					"@executable_path/Frameworks",
				);
				PRODUCT_BUNDLE_IDENTIFIER = io.thefattree.MyNewTodey;
				PRODUCT_NAME = "$(TARGET_NAME)";
				SWIFT_VERSION = 5.0;
				TARGETED_DEVICE_FAMILY = "1,2";
			};
			name = Debug;
		};
		84D354DB2278A132006F5F0C /* Release */ = {
			isa = XCBuildConfiguration;
			baseConfigurationReference = DC0EC260B65EECF2C249C4CE /* Pods-MyNewTodey.release.xcconfig */;
			buildSettings = {
				ASSETCATALOG_COMPILER_APPICON_NAME = AppIcon;
				CODE_SIGN_STYLE = Automatic;
				DEVELOPMENT_TEAM = M89779T855;
				INFOPLIST_FILE = MyNewTodey/Info.plist;
				LD_RUNPATH_SEARCH_PATHS = (
					"$(inherited)",
					"@executable_path/Frameworks",
				);
				PRODUCT_BUNDLE_IDENTIFIER = io.thefattree.MyNewTodey;
				PRODUCT_NAME = "$(TARGET_NAME)";
				SWIFT_VERSION = 5.0;
				TARGETED_DEVICE_FAMILY = "1,2";
			};
			name = Release;
		};
/* End XCBuildConfiguration section */

/* Begin XCConfigurationList section */
		84D354C22278A131006F5F0C /* Build configuration list for PBXProject "MyNewTodey" */ = {
			isa = XCConfigurationList;
			buildConfigurations = (
				84D354D72278A132006F5F0C /* Debug */,
				84D354D82278A132006F5F0C /* Release */,
			);
			defaultConfigurationIsVisible = 0;
			defaultConfigurationName = Release;
		};
		84D354D92278A132006F5F0C /* Build configuration list for PBXNativeTarget "MyNewTodey" */ = {
			isa = XCConfigurationList;
			buildConfigurations = (
				84D354DA2278A132006F5F0C /* Debug */,
				84D354DB2278A132006F5F0C /* Release */,
			);
			defaultConfigurationIsVisible = 0;
			defaultConfigurationName = Release;
		};
/* End XCConfigurationList section */
	};
	rootObject = 84D354BF2278A131006F5F0C /* Project object */;
}
